
Microsoft Visual Studio Solution File, Format Version 12.00
# Visual Studio Version 16
VisualStudioVersion = 16.0.30523.141
MinimumVisualStudioVersion = 10.0.40219.1
Project("{8BC9CEB8-8B4A-11D0-8D11-00A0C91BC942}") = "DecToBin", "DecToBin\DecToBin.vcxproj", "{C0376685-6F44-445E-9D00-257740B3D7CD}"
EndProject
Global
	GlobalSection(SolutionConfigurationPlatforms) = preSolution
		Debug|x64 = Debug|x64
		Debug|x86 = Debug|x86
		Release|x64 = Release|x64
		Release|x86 = Release|x86
	EndGlobalSection
	GlobalSection(ProjectConfigurationPlatforms) = postSolution
		{C0376685-6F44-445E-9D00-257740B3D7CD}.Debug|x64.ActiveCfg = Debug|x64
		{C0376685-6F44-445E-9D00-257740B3D7CD}.Debug|x64.Build.0 = Debug|x64
		{C0376685-6F44-445E-9D00-257740B3D7CD}.Debug|x86.ActiveCfg = Debug|Win32
		{C0376685-6F44-445E-9D00-257740B3D7CD}.Debug|x86.Build.0 = Debug|Win32
		{C0376685-6F44-445E-9D00-257740B3D7CD}.Release|x64.ActiveCfg = Release|x64
		{C0376685-6F44-445E-9D00-257740B3D7CD}.Release|x64.Build.0 = Release|x64
		{C0376685-6F44-445E-9D00-257740B3D7CD}.Release|x86.ActiveCfg = Release|Win32
		{C0376685-6F44-445E-9D00-257740B3D7CD}.Release|x86.Build.0 = Release|Win32
	EndGlobalSection
	GlobalSection(SolutionProperties) = preSolution
		HideSolutionNode = FALSE
	EndGlobalSection
	GlobalSection(ExtensibilityGlobals) = postSolution
		SolutionGuid = {2805E692-4810-4851-86EA-44CC5877D80A}
	EndGlobalSection
EndGlobal
